
Microsoft Visual Studio Solution File, Format Version 12.00
# Visual Studio Version 16
VisualStudioVersion = 16.0.29613.14
MinimumVisualStudioVersion = 10.0.40219.1
Project("{8BC9CEB8-8B4A-11D0-8D11-00A0C91BC942}") = "GameOfLabyrinths", "GameOfLabyrinths\GameOfLabyrinths.vcxproj", "{5DF874C1-3277-48C6-979A-E0CFE40B3B6F}"
EndProject
Global
	GlobalSection(SolutionConfigurationPlatforms) = preSolution
		Debug|x64 = Debug|x64
		Debug|x86 = Debug|x86
		Release|x64 = Release|x64
		Release|x86 = Release|x86
	EndGlobalSection
	GlobalSection(ProjectConfigurationPlatforms) = postSolution
		{5DF874C1-3277-48C6-979A-E0CFE40B3B6F}.Debug|x64.ActiveCfg = Debug|x64
		{5DF874C1-3277-48C6-979A-E0CFE40B3B6F}.Debug|x64.Build.0 = Debug|x64
		{5DF874C1-3277-48C6-979A-E0CFE40B3B6F}.Debug|x86.ActiveCfg = Debug|Win32
		{5DF874C1-3277-48C6-979A-E0CFE40B3B6F}.Debug|x86.Build.0 = Debug|Win32
		{5DF874C1-3277-48C6-979A-E0CFE40B3B6F}.Release|x64.ActiveCfg = Release|x64
		{5DF874C1-3277-48C6-979A-E0CFE40B3B6F}.Release|x64.Build.0 = Release|x64
		{5DF874C1-3277-48C6-979A-E0CFE40B3B6F}.Release|x86.ActiveCfg = Release|Win32
		{5DF874C1-3277-48C6-979A-E0CFE40B3B6F}.Release|x86.Build.0 = Release|Win32
	EndGlobalSection
	GlobalSection(SolutionProperties) = preSolution
		HideSolutionNode = FALSE
	EndGlobalSection
	GlobalSection(ExtensibilityGlobals) = postSolution
		SolutionGuid = {B06617A6-60E4-46BD-A858-28FBE35AAF2A}
	EndGlobalSection
EndGlobal
